// !$*UTF8*$!
{
	archiveVersion = 1;
	classes = {
	};
	objectVersion = 51;
	objects = {

/* Begin PBXBuildFile section */
		7F5E12A326B07DEE00019B46 /* NoNotificationsView.swift in Sources */ = {isa = PBXBuildFile; fileRef = 7F5E12A226B07DEE00019B46 /* NoNotificationsView.swift */; };
		7F5E12A626B083DD00019B46 /* NotificationFollowEventTableViewCell.swift in Sources */ = {isa = PBXBuildFile; fileRef = 7F5E12A526B083DD00019B46 /* NotificationFollowEventTableViewCell.swift */; };
		7F5E12A826B083EF00019B46 /* NotificationLikeEventTableViewCell.swift in Sources */ = {isa = PBXBuildFile; fileRef = 7F5E12A726B083EF00019B46 /* NotificationLikeEventTableViewCell.swift */; };
		7F5E12AA26B1C45A00019B46 /* ModelsForTesting.swift in Sources */ = {isa = PBXBuildFile; fileRef = 7F5E12A926B1C45A00019B46 /* ModelsForTesting.swift */; };
		7F5EB22926AEE49900812374 /* FormTableViewCell.swift in Sources */ = {isa = PBXBuildFile; fileRef = 7F5EB22826AEE49900812374 /* FormTableViewCell.swift */; };
		7F5EB22E26AEFB1C00812374 /* PhotoCollectionViewCell.swift in Sources */ = {isa = PBXBuildFile; fileRef = 7F5EB22D26AEFB1C00812374 /* PhotoCollectionViewCell.swift */; };
		7F5EB23026AEFBDB00812374 /* ProfileInfoHeaderCollectionReusableView.swift in Sources */ = {isa = PBXBuildFile; fileRef = 7F5EB22F26AEFBDB00812374 /* ProfileInfoHeaderCollectionReusableView.swift */; };
		7F5EB23226AEFC0100812374 /* ProfileTabsCollectionReusableView.swift in Sources */ = {isa = PBXBuildFile; fileRef = 7F5EB23126AEFC0100812374 /* ProfileTabsCollectionReusableView.swift */; };
		7F5EB23426AF367E00812374 /* Models.swift in Sources */ = {isa = PBXBuildFile; fileRef = 7F5EB23326AF367E00812374 /* Models.swift */; };
		7F5EB23626AF5DAD00812374 /* UserFollowTableViewCell.swift in Sources */ = {isa = PBXBuildFile; fileRef = 7F5EB23526AF5DAD00812374 /* UserFollowTableViewCell.swift */; };
		7FA8E92626A8D8640010A1EE /* AppDelegate.swift in Sources */ = {isa = PBXBuildFile; fileRef = 7FA8E92526A8D8640010A1EE /* AppDelegate.swift */; };
		7FA8E92826A8D8640010A1EE /* SceneDelegate.swift in Sources */ = {isa = PBXBuildFile; fileRef = 7FA8E92726A8D8640010A1EE /* SceneDelegate.swift */; };
		7FA8E92A26A8D8640010A1EE /* HomeViewController.swift in Sources */ = {isa = PBXBuildFile; fileRef = 7FA8E92926A8D8640010A1EE /* HomeViewController.swift */; };
		7FA8E92D26A8D8640010A1EE /* Main.storyboard in Resources */ = {isa = PBXBuildFile; fileRef = 7FA8E92B26A8D8640010A1EE /* Main.storyboard */; };
		7FA8E92F26A8D8670010A1EE /* Assets.xcassets in Resources */ = {isa = PBXBuildFile; fileRef = 7FA8E92E26A8D8670010A1EE /* Assets.xcassets */; };
		7FA8E93226A8D8670010A1EE /* LaunchScreen.storyboard in Resources */ = {isa = PBXBuildFile; fileRef = 7FA8E93026A8D8670010A1EE /* LaunchScreen.storyboard */; };
		7FA8E93F26A8DA0B0010A1EE /* ExploreViewController.swift in Sources */ = {isa = PBXBuildFile; fileRef = 7FA8E93E26A8DA0B0010A1EE /* ExploreViewController.swift */; };
		7FA8E94126A8DA320010A1EE /* CameraViewController.swift in Sources */ = {isa = PBXBuildFile; fileRef = 7FA8E94026A8DA320010A1EE /* CameraViewController.swift */; };
		7FA8E94326A8DA420010A1EE /* NotificationsViewController.swift in Sources */ = {isa = PBXBuildFile; fileRef = 7FA8E94226A8DA420010A1EE /* NotificationsViewController.swift */; };
		7FA8E94626A8DA560010A1EE /* ProfileViewController.swift in Sources */ = {isa = PBXBuildFile; fileRef = 7FA8E94526A8DA560010A1EE /* ProfileViewController.swift */; };
		7FA8E94B26A8DADC0010A1EE /* LoginViewController.swift in Sources */ = {isa = PBXBuildFile; fileRef = 7FA8E94A26A8DADC0010A1EE /* LoginViewController.swift */; };
		7FA8E94D26A8DAF50010A1EE /* RegistrationViewController.swift in Sources */ = {isa = PBXBuildFile; fileRef = 7FA8E94C26A8DAF50010A1EE /* RegistrationViewController.swift */; };
		7FA8E94F26A8DB0E0010A1EE /* PostViewController.swift in Sources */ = {isa = PBXBuildFile; fileRef = 7FA8E94E26A8DB0E0010A1EE /* PostViewController.swift */; };
		7FA8E95126A8DB310010A1EE /* EditProfileViewController.swift in Sources */ = {isa = PBXBuildFile; fileRef = 7FA8E95026A8DB310010A1EE /* EditProfileViewController.swift */; };
		7FA8E95326A8DB3C0010A1EE /* SettingsViewController.swift in Sources */ = {isa = PBXBuildFile; fileRef = 7FA8E95226A8DB3C0010A1EE /* SettingsViewController.swift */; };
		7FA8E95526A8DB460010A1EE /* ListViewController.swift in Sources */ = {isa = PBXBuildFile; fileRef = 7FA8E95426A8DB460010A1EE /* ListViewController.swift */; };
		7FA8E95726A8DB540010A1EE /* SearchViewController.swift in Sources */ = {isa = PBXBuildFile; fileRef = 7FA8E95626A8DB540010A1EE /* SearchViewController.swift */; };
		7FA8E95926A8DB610010A1EE /* SearchResultViewController.swift in Sources */ = {isa = PBXBuildFile; fileRef = 7FA8E95826A8DB610010A1EE /* SearchResultViewController.swift */; };
		7FA8E95B26A8DB8D0010A1EE /* PostEditorViewController.swift in Sources */ = {isa = PBXBuildFile; fileRef = 7FA8E95A26A8DB8D0010A1EE /* PostEditorViewController.swift */; };
		7FA8E95D26A8DB990010A1EE /* PublishPostViewController.swift in Sources */ = {isa = PBXBuildFile; fileRef = 7FA8E95C26A8DB990010A1EE /* PublishPostViewController.swift */; };
		7FA8E96326A8E9B70010A1EE /* DatabaseManger.swift in Sources */ = {isa = PBXBuildFile; fileRef = 7FA8E96226A8E9B70010A1EE /* DatabaseManger.swift */; };
		7FA8E96526A8EA9E0010A1EE /* AuthManager.swift in Sources */ = {isa = PBXBuildFile; fileRef = 7FA8E96426A8EA9E0010A1EE /* AuthManager.swift */; };
		7FA8E96726A8EB040010A1EE /* StorageManager.swift in Sources */ = {isa = PBXBuildFile; fileRef = 7FA8E96626A8EB040010A1EE /* StorageManager.swift */; };
		7FA8E96926A9E0C80010A1EE /* Extensions.swift in Sources */ = {isa = PBXBuildFile; fileRef = 7FA8E96826A9E0C80010A1EE /* Extensions.swift */; };
		7FB6D8D526ADE5BA00145AAD /* IGFeedPostTableViewCell.swift in Sources */ = {isa = PBXBuildFile; fileRef = 7FB6D8D426ADE5BA00145AAD /* IGFeedPostTableViewCell.swift */; };
		7FB6D8D826ADE77C00145AAD /* IGFeedPostHeaderTableViewCell.swift in Sources */ = {isa = PBXBuildFile; fileRef = 7FB6D8D726ADE77C00145AAD /* IGFeedPostHeaderTableViewCell.swift */; };
		7FB6D8DA26ADE79800145AAD /* IGFeedPostActionsTableViewCell.swift in Sources */ = {isa = PBXBuildFile; fileRef = 7FB6D8D926ADE79800145AAD /* IGFeedPostActionsTableViewCell.swift */; };
		7FB6D8DC26ADE7B200145AAD /* IGFeedPostGeneralTableViewCell.swift in Sources */ = {isa = PBXBuildFile; fileRef = 7FB6D8DB26ADE7B200145AAD /* IGFeedPostGeneralTableViewCell.swift */; };
		7FF9D13E26AC960500B5E69B /* GoogleService-Info.plist in Resources */ = {isa = PBXBuildFile; fileRef = 7FF9D13D26AC960500B5E69B /* GoogleService-Info.plist */; };
		C373D497C6CB51BED1B34869 /* Pods_InstagramApp.framework in Frameworks */ = {isa = PBXBuildFile; fileRef = B26D437FC00625FFC3A44198 /* Pods_InstagramApp.framework */; };
/* End PBXBuildFile section */

/* Begin PBXFileReference section */
		4ACE4E53A3ACDF4C9EFAD74A /* Pods-InstagramApp.debug.xcconfig */ = {isa = PBXFileReference; includeInIndex = 1; lastKnownFileType = text.xcconfig; name = "Pods-InstagramApp.debug.xcconfig"; path = "Target Support Files/Pods-InstagramApp/Pods-InstagramApp.debug.xcconfig"; sourceTree = "<group>"; };
		74282766C08911BAF1461C6D /* Pods-InstagramApp.release.xcconfig */ = {isa = PBXFileReference; includeInIndex = 1; lastKnownFileType = text.xcconfig; name = "Pods-InstagramApp.release.xcconfig"; path = "Target Support Files/Pods-InstagramApp/Pods-InstagramApp.release.xcconfig"; sourceTree = "<group>"; };
		7F5E12A226B07DEE00019B46 /* NoNotificationsView.swift */ = {isa = PBXFileReference; lastKnownFileType = sourcecode.swift; path = NoNotificationsView.swift; sourceTree = "<group>"; };
		7F5E12A526B083DD00019B46 /* NotificationFollowEventTableViewCell.swift */ = {isa = PBXFileReference; lastKnownFileType = sourcecode.swift; path = NotificationFollowEventTableViewCell.swift; sourceTree = "<group>"; };
		7F5E12A726B083EF00019B46 /* NotificationLikeEventTableViewCell.swift */ = {isa = PBXFileReference; lastKnownFileType = sourcecode.swift; path = NotificationLikeEventTableViewCell.swift; sourceTree = "<group>"; };
		7F5E12A926B1C45A00019B46 /* ModelsForTesting.swift */ = {isa = PBXFileReference; lastKnownFileType = sourcecode.swift; path = ModelsForTesting.swift; sourceTree = "<group>"; };
		7F5EB22826AEE49900812374 /* FormTableViewCell.swift */ = {isa = PBXFileReference; lastKnownFileType = sourcecode.swift; path = FormTableViewCell.swift; sourceTree = "<group>"; };
		7F5EB22D26AEFB1C00812374 /* PhotoCollectionViewCell.swift */ = {isa = PBXFileReference; lastKnownFileType = sourcecode.swift; path = PhotoCollectionViewCell.swift; sourceTree = "<group>"; };
		7F5EB22F26AEFBDB00812374 /* ProfileInfoHeaderCollectionReusableView.swift */ = {isa = PBXFileReference; lastKnownFileType = sourcecode.swift; path = ProfileInfoHeaderCollectionReusableView.swift; sourceTree = "<group>"; };
		7F5EB23126AEFC0100812374 /* ProfileTabsCollectionReusableView.swift */ = {isa = PBXFileReference; lastKnownFileType = sourcecode.swift; path = ProfileTabsCollectionReusableView.swift; sourceTree = "<group>"; };
		7F5EB23326AF367E00812374 /* Models.swift */ = {isa = PBXFileReference; lastKnownFileType = sourcecode.swift; path = Models.swift; sourceTree = "<group>"; };
		7F5EB23526AF5DAD00812374 /* UserFollowTableViewCell.swift */ = {isa = PBXFileReference; lastKnownFileType = sourcecode.swift; path = UserFollowTableViewCell.swift; sourceTree = "<group>"; };
		7FA8E92226A8D8640010A1EE /* InstagramApp.app */ = {isa = PBXFileReference; explicitFileType = wrapper.application; includeInIndex = 0; path = InstagramApp.app; sourceTree = BUILT_PRODUCTS_DIR; };
		7FA8E92526A8D8640010A1EE /* AppDelegate.swift */ = {isa = PBXFileReference; lastKnownFileType = sourcecode.swift; path = AppDelegate.swift; sourceTree = "<group>"; };
		7FA8E92726A8D8640010A1EE /* SceneDelegate.swift */ = {isa = PBXFileReference; lastKnownFileType = sourcecode.swift; path = SceneDelegate.swift; sourceTree = "<group>"; };
		7FA8E92926A8D8640010A1EE /* HomeViewController.swift */ = {isa = PBXFileReference; lastKnownFileType = sourcecode.swift; path = HomeViewController.swift; sourceTree = "<group>"; };
		7FA8E92C26A8D8640010A1EE /* Base */ = {isa = PBXFileReference; lastKnownFileType = file.storyboard; name = Base; path = Base.lproj/Main.storyboard; sourceTree = "<group>"; };
		7FA8E92E26A8D8670010A1EE /* Assets.xcassets */ = {isa = PBXFileReference; lastKnownFileType = folder.assetcatalog; path = Assets.xcassets; sourceTree = "<group>"; };
		7FA8E93126A8D8670010A1EE /* Base */ = {isa = PBXFileReference; lastKnownFileType = file.storyboard; name = Base; path = Base.lproj/LaunchScreen.storyboard; sourceTree = "<group>"; };
		7FA8E93326A8D8670010A1EE /* Info.plist */ = {isa = PBXFileReference; lastKnownFileType = text.plist.xml; path = Info.plist; sourceTree = "<group>"; };
		7FA8E93E26A8DA0B0010A1EE /* ExploreViewController.swift */ = {isa = PBXFileReference; lastKnownFileType = sourcecode.swift; path = ExploreViewController.swift; sourceTree = "<group>"; };
		7FA8E94026A8DA320010A1EE /* CameraViewController.swift */ = {isa = PBXFileReference; lastKnownFileType = sourcecode.swift; path = CameraViewController.swift; sourceTree = "<group>"; };
		7FA8E94226A8DA420010A1EE /* NotificationsViewController.swift */ = {isa = PBXFileReference; lastKnownFileType = sourcecode.swift; path = NotificationsViewController.swift; sourceTree = "<group>"; };
		7FA8E94526A8DA560010A1EE /* ProfileViewController.swift */ = {isa = PBXFileReference; lastKnownFileType = sourcecode.swift; path = ProfileViewController.swift; sourceTree = "<group>"; };
		7FA8E94A26A8DADC0010A1EE /* LoginViewController.swift */ = {isa = PBXFileReference; lastKnownFileType = sourcecode.swift; path = LoginViewController.swift; sourceTree = "<group>"; };
		7FA8E94C26A8DAF50010A1EE /* RegistrationViewController.swift */ = {isa = PBXFileReference; lastKnownFileType = sourcecode.swift; path = RegistrationViewController.swift; sourceTree = "<group>"; };
		7FA8E94E26A8DB0E0010A1EE /* PostViewController.swift */ = {isa = PBXFileReference; lastKnownFileType = sourcecode.swift; path = PostViewController.swift; sourceTree = "<group>"; };
		7FA8E95026A8DB310010A1EE /* EditProfileViewController.swift */ = {isa = PBXFileReference; lastKnownFileType = sourcecode.swift; path = EditProfileViewController.swift; sourceTree = "<group>"; };
		7FA8E95226A8DB3C0010A1EE /* SettingsViewController.swift */ = {isa = PBXFileReference; lastKnownFileType = sourcecode.swift; path = SettingsViewController.swift; sourceTree = "<group>"; };
		7FA8E95426A8DB460010A1EE /* ListViewController.swift */ = {isa = PBXFileReference; lastKnownFileType = sourcecode.swift; path = ListViewController.swift; sourceTree = "<group>"; };
		7FA8E95626A8DB540010A1EE /* SearchViewController.swift */ = {isa = PBXFileReference; lastKnownFileType = sourcecode.swift; path = SearchViewController.swift; sourceTree = "<group>"; };
		7FA8E95826A8DB610010A1EE /* SearchResultViewController.swift */ = {isa = PBXFileReference; lastKnownFileType = sourcecode.swift; path = SearchResultViewController.swift; sourceTree = "<group>"; };
		7FA8E95A26A8DB8D0010A1EE /* PostEditorViewController.swift */ = {isa = PBXFileReference; lastKnownFileType = sourcecode.swift; path = PostEditorViewController.swift; sourceTree = "<group>"; };
		7FA8E95C26A8DB990010A1EE /* PublishPostViewController.swift */ = {isa = PBXFileReference; lastKnownFileType = sourcecode.swift; path = PublishPostViewController.swift; sourceTree = "<group>"; };
		7FA8E96226A8E9B70010A1EE /* DatabaseManger.swift */ = {isa = PBXFileReference; lastKnownFileType = sourcecode.swift; path = DatabaseManger.swift; sourceTree = "<group>"; };
		7FA8E96426A8EA9E0010A1EE /* AuthManager.swift */ = {isa = PBXFileReference; lastKnownFileType = sourcecode.swift; path = AuthManager.swift; sourceTree = "<group>"; };
		7FA8E96626A8EB040010A1EE /* StorageManager.swift */ = {isa = PBXFileReference; lastKnownFileType = sourcecode.swift; path = StorageManager.swift; sourceTree = "<group>"; };
		7FA8E96826A9E0C80010A1EE /* Extensions.swift */ = {isa = PBXFileReference; lastKnownFileType = sourcecode.swift; path = Extensions.swift; sourceTree = "<group>"; };
		7FB6D8D426ADE5BA00145AAD /* IGFeedPostTableViewCell.swift */ = {isa = PBXFileReference; lastKnownFileType = sourcecode.swift; path = IGFeedPostTableViewCell.swift; sourceTree = "<group>"; };
		7FB6D8D726ADE77C00145AAD /* IGFeedPostHeaderTableViewCell.swift */ = {isa = PBXFileReference; lastKnownFileType = sourcecode.swift; path = IGFeedPostHeaderTableViewCell.swift; sourceTree = "<group>"; };
		7FB6D8D926ADE79800145AAD /* IGFeedPostActionsTableViewCell.swift */ = {isa = PBXFileReference; lastKnownFileType = sourcecode.swift; path = IGFeedPostActionsTableViewCell.swift; sourceTree = "<group>"; };
		7FB6D8DB26ADE7B200145AAD /* IGFeedPostGeneralTableViewCell.swift */ = {isa = PBXFileReference; lastKnownFileType = sourcecode.swift; path = IGFeedPostGeneralTableViewCell.swift; sourceTree = "<group>"; };
		7FF9D13D26AC960500B5E69B /* GoogleService-Info.plist */ = {isa = PBXFileReference; fileEncoding = 4; lastKnownFileType = text.plist.xml; path = "GoogleService-Info.plist"; sourceTree = "<group>"; };
		B26D437FC00625FFC3A44198 /* Pods_InstagramApp.framework */ = {isa = PBXFileReference; explicitFileType = wrapper.framework; includeInIndex = 0; path = Pods_InstagramApp.framework; sourceTree = BUILT_PRODUCTS_DIR; };
/* End PBXFileReference section */

/* Begin PBXFrameworksBuildPhase section */
		7FA8E91F26A8D8630010A1EE /* Frameworks */ = {
			isa = PBXFrameworksBuildPhase;
			buildActionMask = 2147483647;
			files = (
				C373D497C6CB51BED1B34869 /* Pods_InstagramApp.framework in Frameworks */,
			);
			runOnlyForDeploymentPostprocessing = 0;
		};
/* End PBXFrameworksBuildPhase section */

/* Begin PBXGroup section */
		6B0DBD2A8D8B039C933DE9BC /* Frameworks */ = {
			isa = PBXGroup;
			children = (
				B26D437FC00625FFC3A44198 /* Pods_InstagramApp.framework */,
			);
			name = Frameworks;
			sourceTree = "<group>";
		};
		7F5E12A426B083B100019B46 /* Notifications */ = {
			isa = PBXGroup;
			children = (
				7F5E12A526B083DD00019B46 /* NotificationFollowEventTableViewCell.swift */,
				7F5E12A726B083EF00019B46 /* NotificationLikeEventTableViewCell.swift */,
			);
			path = Notifications;
			sourceTree = "<group>";
		};
		7F5EB22C26AEFAE400812374 /* CollectionView Headers */ = {
			isa = PBXGroup;
			children = (
				7F5EB22F26AEFBDB00812374 /* ProfileInfoHeaderCollectionReusableView.swift */,
				7F5EB23126AEFC0100812374 /* ProfileTabsCollectionReusableView.swift */,
			);
			path = "CollectionView Headers";
			sourceTree = "<group>";
		};
		7FA8E91926A8D8630010A1EE = {
			isa = PBXGroup;
			children = (
				7FA8E92426A8D8640010A1EE /* InstagramApp */,
				7FA8E92326A8D8640010A1EE /* Products */,
				AA33B6300FD8497A5F09CB03 /* Pods */,
				6B0DBD2A8D8B039C933DE9BC /* Frameworks */,
			);
			sourceTree = "<group>";
		};
		7FA8E92326A8D8640010A1EE /* Products */ = {
			isa = PBXGroup;
			children = (
				7FA8E92226A8D8640010A1EE /* InstagramApp.app */,
			);
			name = Products;
			sourceTree = "<group>";
		};
		7FA8E92426A8D8640010A1EE /* InstagramApp */ = {
			isa = PBXGroup;
			children = (
				7FA8E96126A8E9A10010A1EE /* Managers */,
				7FA8E93C26A8D8F50010A1EE /* Resources */,
				7FA8E93A26A8D8C40010A1EE /* Model */,
				7FA8E93926A8D8BE0010A1EE /* View */,
				7FA8E93B26A8D8CD0010A1EE /* Controller */,
				7FA8E93326A8D8670010A1EE /* Info.plist */,
			);
			path = InstagramApp;
			sourceTree = "<group>";
		};
		7FA8E93926A8D8BE0010A1EE /* View */ = {
			isa = PBXGroup;
			children = (
				7F5EB22C26AEFAE400812374 /* CollectionView Headers */,
				7FB6D8D326ADE57400145AAD /* Cells */,
				7FA8E92E26A8D8670010A1EE /* Assets.xcassets */,
				7FA8E93D26A8D9530010A1EE /* Storyboard */,
				7F5E12A226B07DEE00019B46 /* NoNotificationsView.swift */,
			);
			path = View;
			sourceTree = "<group>";
		};
		7FA8E93A26A8D8C40010A1EE /* Model */ = {
			isa = PBXGroup;
			children = (
				7F5EB23326AF367E00812374 /* Models.swift */,
				7F5E12A926B1C45A00019B46 /* ModelsForTesting.swift */,
			);
			path = Model;
			sourceTree = "<group>";
		};
		7FA8E93B26A8D8CD0010A1EE /* Controller */ = {
			isa = PBXGroup;
			children = (
				7FA8E94826A8DAAF0010A1EE /* Other */,
				7FA8E94726A8DA5F0010A1EE /* Core Tabs */,
			);
			path = Controller;
			sourceTree = "<group>";
		};
		7FA8E93C26A8D8F50010A1EE /* Resources */ = {
			isa = PBXGroup;
			children = (
				7FA8E92526A8D8640010A1EE /* AppDelegate.swift */,
				7FA8E96826A9E0C80010A1EE /* Extensions.swift */,
				7FF9D13D26AC960500B5E69B /* GoogleService-Info.plist */,
				7FA8E92726A8D8640010A1EE /* SceneDelegate.swift */,
			);
			path = Resources;
			sourceTree = "<group>";
		};
		7FA8E93D26A8D9530010A1EE /* Storyboard */ = {
			isa = PBXGroup;
			children = (
				7FA8E92B26A8D8640010A1EE /* Main.storyboard */,
				7FA8E93026A8D8670010A1EE /* LaunchScreen.storyboard */,
			);
			path = Storyboard;
			sourceTree = "<group>";
		};
		7FA8E94726A8DA5F0010A1EE /* Core Tabs */ = {
			isa = PBXGroup;
			children = (
				7FA8E92926A8D8640010A1EE /* HomeViewController.swift */,
				7FA8E93E26A8DA0B0010A1EE /* ExploreViewController.swift */,
				7FA8E94026A8DA320010A1EE /* CameraViewController.swift */,
				7FA8E94226A8DA420010A1EE /* NotificationsViewController.swift */,
				7FA8E94526A8DA560010A1EE /* ProfileViewController.swift */,
			);
			path = "Core Tabs";
			sourceTree = "<group>";
		};
		7FA8E94826A8DAAF0010A1EE /* Other */ = {
			isa = PBXGroup;
			children = (
				7FA8E94926A8DAC70010A1EE /* Onboarding */,
				7FA8E96026A8E85F0010A1EE /* General */,
			);
			path = Other;
			sourceTree = "<group>";
		};
		7FA8E94926A8DAC70010A1EE /* Onboarding */ = {
			isa = PBXGroup;
			children = (
				7FA8E94A26A8DADC0010A1EE /* LoginViewController.swift */,
				7FA8E94C26A8DAF50010A1EE /* RegistrationViewController.swift */,
			);
			path = Onboarding;
			sourceTree = "<group>";
		};
		7FA8E96026A8E85F0010A1EE /* General */ = {
			isa = PBXGroup;
			children = (
				7FA8E94E26A8DB0E0010A1EE /* PostViewController.swift */,
				7FA8E95026A8DB310010A1EE /* EditProfileViewController.swift */,
				7FA8E95226A8DB3C0010A1EE /* SettingsViewController.swift */,
				7FA8E95426A8DB460010A1EE /* ListViewController.swift */,
				7FA8E95626A8DB540010A1EE /* SearchViewController.swift */,
				7FA8E95826A8DB610010A1EE /* SearchResultViewController.swift */,
				7FA8E95A26A8DB8D0010A1EE /* PostEditorViewController.swift */,
				7FA8E95C26A8DB990010A1EE /* PublishPostViewController.swift */,
			);
			path = General;
			sourceTree = "<group>";
		};
		7FA8E96126A8E9A10010A1EE /* Managers */ = {
			isa = PBXGroup;
			children = (
				7FA8E96426A8EA9E0010A1EE /* AuthManager.swift */,
				7FA8E96226A8E9B70010A1EE /* DatabaseManger.swift */,
				7FA8E96626A8EB040010A1EE /* StorageManager.swift */,
			);
			path = Managers;
			sourceTree = "<group>";
		};
		7FB6D8D326ADE57400145AAD /* Cells */ = {
			isa = PBXGroup;
			children = (
				7F5E12A426B083B100019B46 /* Notifications */,
				7FB6D8D626ADE74000145AAD /* Home & Post Feed */,
				7F5EB22826AEE49900812374 /* FormTableViewCell.swift */,
				7F5EB22D26AEFB1C00812374 /* PhotoCollectionViewCell.swift */,
				7F5EB23526AF5DAD00812374 /* UserFollowTableViewCell.swift */,
			);
			path = Cells;
			sourceTree = "<group>";
		};
		7FB6D8D626ADE74000145AAD /* Home & Post Feed */ = {
			isa = PBXGroup;
			children = (
				7FB6D8D426ADE5BA00145AAD /* IGFeedPostTableViewCell.swift */,
				7FB6D8D726ADE77C00145AAD /* IGFeedPostHeaderTableViewCell.swift */,
				7FB6D8D926ADE79800145AAD /* IGFeedPostActionsTableViewCell.swift */,
				7FB6D8DB26ADE7B200145AAD /* IGFeedPostGeneralTableViewCell.swift */,
			);
			path = "Home & Post Feed";
			sourceTree = "<group>";
		};
		AA33B6300FD8497A5F09CB03 /* Pods */ = {
			isa = PBXGroup;
			children = (
				4ACE4E53A3ACDF4C9EFAD74A /* Pods-InstagramApp.debug.xcconfig */,
				74282766C08911BAF1461C6D /* Pods-InstagramApp.release.xcconfig */,
			);
			path = Pods;
			sourceTree = "<group>";
		};
/* End PBXGroup section */

/* Begin PBXNativeTarget section */
		7FA8E92126A8D8630010A1EE /* InstagramApp */ = {
			isa = PBXNativeTarget;
			buildConfigurationList = 7FA8E93626A8D8670010A1EE /* Build configuration list for PBXNativeTarget "InstagramApp" */;
			buildPhases = (
				11F3B4A0CB0B0AE3391058DB /* [CP] Check Pods Manifest.lock */,
				7FA8E91E26A8D8630010A1EE /* Sources */,
				7FA8E91F26A8D8630010A1EE /* Frameworks */,
				7FA8E92026A8D8630010A1EE /* Resources */,
				AAA8A7992C5567501587D2DE /* [CP] Embed Pods Frameworks */,
			);
			buildRules = (
			);
			dependencies = (
			);
			name = InstagramApp;
			productName = InstagramApp;
			productReference = 7FA8E92226A8D8640010A1EE /* InstagramApp.app */;
			productType = "com.apple.product-type.application";
		};
/* End PBXNativeTarget section */

/* Begin PBXProject section */
		7FA8E91A26A8D8630010A1EE /* Project object */ = {
			isa = PBXProject;
			attributes = {
				LastSwiftUpdateCheck = 1250;
				LastUpgradeCheck = 1250;
				TargetAttributes = {
					7FA8E92126A8D8630010A1EE = {
						CreatedOnToolsVersion = 12.5;
					};
				};
			};
			buildConfigurationList = 7FA8E91D26A8D8630010A1EE /* Build configuration list for PBXProject "InstagramApp" */;
			compatibilityVersion = "Xcode 9.3";
			developmentRegion = en;
			hasScannedForEncodings = 0;
			knownRegions = (
				en,
				Base,
			);
			mainGroup = 7FA8E91926A8D8630010A1EE;
			productRefGroup = 7FA8E92326A8D8640010A1EE /* Products */;
			projectDirPath = "";
			projectRoot = "";
			targets = (
				7FA8E92126A8D8630010A1EE /* InstagramApp */,
			);
		};
/* End PBXProject section */

/* Begin PBXResourcesBuildPhase section */
		7FA8E92026A8D8630010A1EE /* Resources */ = {
			isa = PBXResourcesBuildPhase;
			buildActionMask = 2147483647;
			files = (
				7FA8E93226A8D8670010A1EE /* LaunchScreen.storyboard in Resources */,
				7FF9D13E26AC960500B5E69B /* GoogleService-Info.plist in Resources */,
				7FA8E92F26A8D8670010A1EE /* Assets.xcassets in Resources */,
				7FA8E92D26A8D8640010A1EE /* Main.storyboard in Resources */,
			);
			runOnlyForDeploymentPostprocessing = 0;
		};
/* End PBXResourcesBuildPhase section */

/* Begin PBXShellScriptBuildPhase section */
		11F3B4A0CB0B0AE3391058DB /* [CP] Check Pods Manifest.lock */ = {
			isa = PBXShellScriptBuildPhase;
			buildActionMask = 2147483647;
			files = (
			);
			inputFileListPaths = (
			);
			inputPaths = (
				"${PODS_PODFILE_DIR_PATH}/Podfile.lock",
				"${PODS_ROOT}/Manifest.lock",
			);
			name = "[CP] Check Pods Manifest.lock";
			outputFileListPaths = (
			);
			outputPaths = (
				"$(DERIVED_FILE_DIR)/Pods-InstagramApp-checkManifestLockResult.txt",
			);
			runOnlyForDeploymentPostprocessing = 0;
			shellPath = /bin/sh;
			shellScript = "diff \"${PODS_PODFILE_DIR_PATH}/Podfile.lock\" \"${PODS_ROOT}/Manifest.lock\" > /dev/null\nif [ $? != 0 ] ; then\n    # print error to STDERR\n    echo \"error: The sandbox is not in sync with the Podfile.lock. Run 'pod install' or update your CocoaPods installation.\" >&2\n    exit 1\nfi\n# This output is used by Xcode 'outputs' to avoid re-running this script phase.\necho \"SUCCESS\" > \"${SCRIPT_OUTPUT_FILE_0}\"\n";
			showEnvVarsInLog = 0;
		};
		AAA8A7992C5567501587D2DE /* [CP] Embed Pods Frameworks */ = {
			isa = PBXShellScriptBuildPhase;
			buildActionMask = 2147483647;
			files = (
			);
			inputFileListPaths = (
				"${PODS_ROOT}/Target Support Files/Pods-InstagramApp/Pods-InstagramApp-frameworks-${CONFIGURATION}-input-files.xcfilelist",
			);
			name = "[CP] Embed Pods Frameworks";
			outputFileListPaths = (
				"${PODS_ROOT}/Target Support Files/Pods-InstagramApp/Pods-InstagramApp-frameworks-${CONFIGURATION}-output-files.xcfilelist",
			);
			runOnlyForDeploymentPostprocessing = 0;
			shellPath = /bin/sh;
			shellScript = "\"${PODS_ROOT}/Target Support Files/Pods-InstagramApp/Pods-InstagramApp-frameworks.sh\"\n";
			showEnvVarsInLog = 0;
		};
/* End PBXShellScriptBuildPhase section */

/* Begin PBXSourcesBuildPhase section */
		7FA8E91E26A8D8630010A1EE /* Sources */ = {
			isa = PBXSourcesBuildPhase;
			buildActionMask = 2147483647;
			files = (
				7FA8E95126A8DB310010A1EE /* EditProfileViewController.swift in Sources */,
				7FA8E93F26A8DA0B0010A1EE /* ExploreViewController.swift in Sources */,
				7FA8E95D26A8DB990010A1EE /* PublishPostViewController.swift in Sources */,
				7FA8E94126A8DA320010A1EE /* CameraViewController.swift in Sources */,
				7FA8E92A26A8D8640010A1EE /* HomeViewController.swift in Sources */,
				7FA8E94D26A8DAF50010A1EE /* RegistrationViewController.swift in Sources */,
				7F5E12A326B07DEE00019B46 /* NoNotificationsView.swift in Sources */,
				7FB6D8D826ADE77C00145AAD /* IGFeedPostHeaderTableViewCell.swift in Sources */,
				7F5E12A626B083DD00019B46 /* NotificationFollowEventTableViewCell.swift in Sources */,
				7FA8E95B26A8DB8D0010A1EE /* PostEditorViewController.swift in Sources */,
				7FA8E96726A8EB040010A1EE /* StorageManager.swift in Sources */,
				7F5EB23626AF5DAD00812374 /* UserFollowTableViewCell.swift in Sources */,
				7F5EB23426AF367E00812374 /* Models.swift in Sources */,
				7F5EB22926AEE49900812374 /* FormTableViewCell.swift in Sources */,
				7FA8E94F26A8DB0E0010A1EE /* PostViewController.swift in Sources */,
				7F5EB23226AEFC0100812374 /* ProfileTabsCollectionReusableView.swift in Sources */,
				7FA8E94326A8DA420010A1EE /* NotificationsViewController.swift in Sources */,
				7FA8E95926A8DB610010A1EE /* SearchResultViewController.swift in Sources */,
				7FB6D8D526ADE5BA00145AAD /* IGFeedPostTableViewCell.swift in Sources */,
				7FA8E94B26A8DADC0010A1EE /* LoginViewController.swift in Sources */,
				7FA8E95726A8DB540010A1EE /* SearchViewController.swift in Sources */,
				7FA8E96926A9E0C80010A1EE /* Extensions.swift in Sources */,
				7FB6D8DC26ADE7B200145AAD /* IGFeedPostGeneralTableViewCell.swift in Sources */,
				7FA8E94626A8DA560010A1EE /* ProfileViewController.swift in Sources */,
				7F5E12A826B083EF00019B46 /* NotificationLikeEventTableViewCell.swift in Sources */,
				7FA8E92626A8D8640010A1EE /* AppDelegate.swift in Sources */,
				7F5EB23026AEFBDB00812374 /* ProfileInfoHeaderCollectionReusableView.swift in Sources */,
				7FA8E96526A8EA9E0010A1EE /* AuthManager.swift in Sources */,
				7FA8E96326A8E9B70010A1EE /* DatabaseManger.swift in Sources */,
				7F5E12AA26B1C45A00019B46 /* ModelsForTesting.swift in Sources */,
				7FA8E92826A8D8640010A1EE /* SceneDelegate.swift in Sources */,
				7FB6D8DA26ADE79800145AAD /* IGFeedPostActionsTableViewCell.swift in Sources */,
				7FA8E95526A8DB460010A1EE /* ListViewController.swift in Sources */,
				7F5EB22E26AEFB1C00812374 /* PhotoCollectionViewCell.swift in Sources */,
				7FA8E95326A8DB3C0010A1EE /* SettingsViewController.swift in Sources */,
			);
			runOnlyForDeploymentPostprocessing = 0;
		};
/* End PBXSourcesBuildPhase section */

/* Begin PBXVariantGroup section */
		7FA8E92B26A8D8640010A1EE /* Main.storyboard */ = {
			isa = PBXVariantGroup;
			children = (
				7FA8E92C26A8D8640010A1EE /* Base */,
			);
			name = Main.storyboard;
			sourceTree = "<group>";
		};
		7FA8E93026A8D8670010A1EE /* LaunchScreen.storyboard */ = {
			isa = PBXVariantGroup;
			children = (
				7FA8E93126A8D8670010A1EE /* Base */,
			);
			name = LaunchScreen.storyboard;
			sourceTree = "<group>";
		};
/* End PBXVariantGroup section */

/* Begin XCBuildConfiguration section */
		7FA8E93426A8D8670010A1EE /* Debug */ = {
			isa = XCBuildConfiguration;
			buildSettings = {
				ALWAYS_SEARCH_USER_PATHS = NO;
				CLANG_ANALYZER_NONNULL = YES;
				CLANG_ANALYZER_NUMBER_OBJECT_CONVERSION = YES_AGGRESSIVE;
				CLANG_CXX_LANGUAGE_STANDARD = "gnu++14";
				CLANG_CXX_LIBRARY = "libc++";
				CLANG_ENABLE_MODULES = YES;
				CLANG_ENABLE_OBJC_ARC = YES;
				CLANG_ENABLE_OBJC_WEAK = YES;
				CLANG_WARN_BLOCK_CAPTURE_AUTORELEASING = YES;
				CLANG_WARN_BOOL_CONVERSION = YES;
				CLANG_WARN_COMMA = YES;
				CLANG_WARN_CONSTANT_CONVERSION = YES;
				CLANG_WARN_DEPRECATED_OBJC_IMPLEMENTATIONS = YES;
				CLANG_WARN_DIRECT_OBJC_ISA_USAGE = YES_ERROR;
				CLANG_WARN_DOCUMENTATION_COMMENTS = YES;
				CLANG_WARN_EMPTY_BODY = YES;
				CLANG_WARN_ENUM_CONVERSION = YES;
				CLANG_WARN_INFINITE_RECURSION = YES;
				CLANG_WARN_INT_CONVERSION = YES;
				CLANG_WARN_NON_LITERAL_NULL_CONVERSION = YES;
				CLANG_WARN_OBJC_IMPLICIT_RETAIN_SELF = YES;
				CLANG_WARN_OBJC_LITERAL_CONVERSION = YES;
				CLANG_WARN_OBJC_ROOT_CLASS = YES_ERROR;
				CLANG_WARN_QUOTED_INCLUDE_IN_FRAMEWORK_HEADER = YES;
				CLANG_WARN_RANGE_LOOP_ANALYSIS = YES;
				CLANG_WARN_STRICT_PROTOTYPES = YES;
				CLANG_WARN_SUSPICIOUS_MOVE = YES;
				CLANG_WARN_UNGUARDED_AVAILABILITY = YES_AGGRESSIVE;
				CLANG_WARN_UNREACHABLE_CODE = YES;
				CLANG_WARN__DUPLICATE_METHOD_MATCH = YES;
				COPY_PHASE_STRIP = NO;
				DEBUG_INFORMATION_FORMAT = dwarf;
				ENABLE_STRICT_OBJC_MSGSEND = YES;
				ENABLE_TESTABILITY = YES;
				GCC_C_LANGUAGE_STANDARD = gnu11;
				GCC_DYNAMIC_NO_PIC = NO;
				GCC_NO_COMMON_BLOCKS = YES;
				GCC_OPTIMIZATION_LEVEL = 0;
				GCC_PREPROCESSOR_DEFINITIONS = (
					"DEBUG=1",
					"$(inherited)",
				);
				GCC_WARN_64_TO_32_BIT_CONVERSION = YES;
				GCC_WARN_ABOUT_RETURN_TYPE = YES_ERROR;
				GCC_WARN_UNDECLARED_SELECTOR = YES;
				GCC_WARN_UNINITIALIZED_AUTOS = YES_AGGRESSIVE;
				GCC_WARN_UNUSED_FUNCTION = YES;
				GCC_WARN_UNUSED_VARIABLE = YES;
				IPHONEOS_DEPLOYMENT_TARGET = 14.5;
				MTL_ENABLE_DEBUG_INFO = INCLUDE_SOURCE;
				MTL_FAST_MATH = YES;
				ONLY_ACTIVE_ARCH = YES;
				SDKROOT = iphoneos;
				SWIFT_ACTIVE_COMPILATION_CONDITIONS = DEBUG;
				SWIFT_OPTIMIZATION_LEVEL = "-Onone";
			};
			name = Debug;
		};
		7FA8E93526A8D8670010A1EE /* Release */ = {
			isa = XCBuildConfiguration;
			buildSettings = {
				ALWAYS_SEARCH_USER_PATHS = NO;
				CLANG_ANALYZER_NONNULL = YES;
				CLANG_ANALYZER_NUMBER_OBJECT_CONVERSION = YES_AGGRESSIVE;
				CLANG_CXX_LANGUAGE_STANDARD = "gnu++14";
				CLANG_CXX_LIBRARY = "libc++";
				CLANG_ENABLE_MODULES = YES;
				CLANG_ENABLE_OBJC_ARC = YES;
				CLANG_ENABLE_OBJC_WEAK = YES;
				CLANG_WARN_BLOCK_CAPTURE_AUTORELEASING = YES;
				CLANG_WARN_BOOL_CONVERSION = YES;
				CLANG_WARN_COMMA = YES;
				CLANG_WARN_CONSTANT_CONVERSION = YES;
				CLANG_WARN_DEPRECATED_OBJC_IMPLEMENTATIONS = YES;
				CLANG_WARN_DIRECT_OBJC_ISA_USAGE = YES_ERROR;
				CLANG_WARN_DOCUMENTATION_COMMENTS = YES;
				CLANG_WARN_EMPTY_BODY = YES;
				CLANG_WARN_ENUM_CONVERSION = YES;
				CLANG_WARN_INFINITE_RECURSION = YES;
				CLANG_WARN_INT_CONVERSION = YES;
				CLANG_WARN_NON_LITERAL_NULL_CONVERSION = YES;
				CLANG_WARN_OBJC_IMPLICIT_RETAIN_SELF = YES;
				CLANG_WARN_OBJC_LITERAL_CONVERSION = YES;
				CLANG_WARN_OBJC_ROOT_CLASS = YES_ERROR;
				CLANG_WARN_QUOTED_INCLUDE_IN_FRAMEWORK_HEADER = YES;
				CLANG_WARN_RANGE_LOOP_ANALYSIS = YES;
				CLANG_WARN_STRICT_PROTOTYPES = YES;
				CLANG_WARN_SUSPICIOUS_MOVE = YES;
				CLANG_WARN_UNGUARDED_AVAILABILITY = YES_AGGRESSIVE;
				CLANG_WARN_UNREACHABLE_CODE = YES;
				CLANG_WARN__DUPLICATE_METHOD_MATCH = YES;
				COPY_PHASE_STRIP = NO;
				DEBUG_INFORMATION_FORMAT = "dwarf-with-dsym";
				ENABLE_NS_ASSERTIONS = NO;
				ENABLE_STRICT_OBJC_MSGSEND = YES;
				GCC_C_LANGUAGE_STANDARD = gnu11;
				GCC_NO_COMMON_BLOCKS = YES;
				GCC_WARN_64_TO_32_BIT_CONVERSION = YES;
				GCC_WARN_ABOUT_RETURN_TYPE = YES_ERROR;
				GCC_WARN_UNDECLARED_SELECTOR = YES;
				GCC_WARN_UNINITIALIZED_AUTOS = YES_AGGRESSIVE;
				GCC_WARN_UNUSED_FUNCTION = YES;
				GCC_WARN_UNUSED_VARIABLE = YES;
				IPHONEOS_DEPLOYMENT_TARGET = 14.5;
				MTL_ENABLE_DEBUG_INFO = NO;
				MTL_FAST_MATH = YES;
				SDKROOT = iphoneos;
				SWIFT_COMPILATION_MODE = wholemodule;
				SWIFT_OPTIMIZATION_LEVEL = "-O";
				VALIDATE_PRODUCT = YES;
			};
			name = Release;
		};
		7FA8E93726A8D8670010A1EE /* Debug */ = {
			isa = XCBuildConfiguration;
			baseConfigurationReference = 4ACE4E53A3ACDF4C9EFAD74A /* Pods-InstagramApp.debug.xcconfig */;
			buildSettings = {
				ASSETCATALOG_COMPILER_APPICON_NAME = AppIcon;
				ASSETCATALOG_COMPILER_GLOBAL_ACCENT_COLOR_NAME = AccentColor;
				CODE_SIGN_STYLE = Automatic;
				INFOPLIST_FILE = InstagramApp/Info.plist;
				IPHONEOS_DEPLOYMENT_TARGET = 13.0;
				LD_RUNPATH_SEARCH_PATHS = (
					"$(inherited)",
					"@executable_path/Frameworks",
				);
				PRODUCT_BUNDLE_IDENTIFIER = com.stefandojcinovic.InstagramApp;
				PRODUCT_NAME = "$(TARGET_NAME)";
				SWIFT_VERSION = 5.0;
				TARGETED_DEVICE_FAMILY = "1,2";
			};
			name = Debug;
		};
		7FA8E93826A8D8670010A1EE /* Release */ = {
			isa = XCBuildConfiguration;
			baseConfigurationReference = 74282766C08911BAF1461C6D /* Pods-InstagramApp.release.xcconfig */;
			buildSettings = {
				ASSETCATALOG_COMPILER_APPICON_NAME = AppIcon;
				ASSETCATALOG_COMPILER_GLOBAL_ACCENT_COLOR_NAME = AccentColor;
				CODE_SIGN_STYLE = Automatic;
				INFOPLIST_FILE = InstagramApp/Info.plist;
				IPHONEOS_DEPLOYMENT_TARGET = 13.0;
				LD_RUNPATH_SEARCH_PATHS = (
					"$(inherited)",
					"@executable_path/Frameworks",
				);
				PRODUCT_BUNDLE_IDENTIFIER = com.stefandojcinovic.InstagramApp;
				PRODUCT_NAME = "$(TARGET_NAME)";
				SWIFT_VERSION = 5.0;
				TARGETED_DEVICE_FAMILY = "1,2";
			};
			name = Release;
		};
/* End XCBuildConfiguration section */

/* Begin XCConfigurationList section */
		7FA8E91D26A8D8630010A1EE /* Build configuration list for PBXProject "InstagramApp" */ = {
			isa = XCConfigurationList;
			buildConfigurations = (
				7FA8E93426A8D8670010A1EE /* Debug */,
				7FA8E93526A8D8670010A1EE /* Release */,
			);
			defaultConfigurationIsVisible = 0;
			defaultConfigurationName = Release;
		};
		7FA8E93626A8D8670010A1EE /* Build configuration list for PBXNativeTarget "InstagramApp" */ = {
			isa = XCConfigurationList;
			buildConfigurations = (
				7FA8E93726A8D8670010A1EE /* Debug */,
				7FA8E93826A8D8670010A1EE /* Release */,
			);
			defaultConfigurationIsVisible = 0;
			defaultConfigurationName = Release;
		};
/* End XCConfigurationList section */
	};
	rootObject = 7FA8E91A26A8D8630010A1EE /* Project object */;
}
